github.com/SinaMajdieh/ham/common v0.0.0-20240403165306-fac9d932d212 h1:Jwq6xpG/i9QPqrhWNI2fDsmZh62uS1Ek9njLwSxNbUo=
github.com/SinaMajdieh/ham/common v0.0.0-20240403165306-fac9d932d212/go.mod h1:IiM8RGt7eTdzTNkNmg9aWFI2+AI/ERXSG6S0G57BvL4=
github.com/SinaMajdieh/ham/common v0.0.0-20240403172536-899906a1515c h1:g47ozo5fuzAqC7Wp5BVhUOkj3bPYQxz12BZhCR8WArQ=
github.com/SinaMajdieh/ham/common v0.0.0-20240403172536-899906a1515c/go.mod h1:IiM8RGt7eTdzTNkNmg9aWFI2+AI/ERXSG6S0G57BvL4=
github.com/SinaMajdieh/ham/file v0.0.0-20240403165306-fac9d932d212 h1:ijwRuTPUSLGkt6DbHeCN7gkKvTgP6zWoe0lXghvnRiU=
github.com/SinaMajdieh/ham/file v0.0.0-20240403165306-fac9d932d212/go.mod h1:1PxYnDGuZPETMZEFEQfwcx05i1CdudPAWGNuryEkmQw=
github.com/SinaMajdieh/ham/file v0.0.0-20240403172536-899906a1515c h1:lIH8B5kHvKPflgq4h9nYXQk5mhEjZ2pZtedwSk8eT7g=
github.com/SinaMajdieh/ham/file v0.0.0-20240403172536-899906a1515c/go.mod h1:1PxYnDGuZPETMZEFEQfwcx05i1CdudPAWGNuryEkmQw=
