github.com/SinaMajdieh/ham/common v0.0.0-20240403172536-899906a1515c h1:g47ozo5fuzAqC7Wp5BVhUOkj3bPYQxz12BZhCR8WArQ=
github.com/SinaMajdieh/ham/common v0.0.0-20240403172536-899906a1515c/go.mod h1:IiM8RGt7eTdzTNkNmg9aWFI2+AI/ERXSG6S0G57BvL4=
github.com/SinaMajdieh/ham/file v0.0.0-20240404110657-c6c3f21fd8da h1:y29XudQH6q8BYA0NmgNN5m3j35hIsXhYzFmvoK4/zok=
github.com/SinaMajdieh/ham/file v0.0.0-20240404110657-c6c3f21fd8da/go.mod h1:1PxYnDGuZPETMZEFEQfwcx05i1CdudPAWGNuryEkmQw=
